
Microsoft Visual Studio Solution File, Format Version 12.00
# Visual Studio Version 17
VisualStudioVersion = 17.3.32825.248
MinimumVisualStudioVersion = 10.0.40219.1
Project("{9A19103F-16F7-4668-BE54-9A1E7A4F7556}") = "jentevets.com", "jentevets.com.csproj", "{DAC9ACCA-C334-40CE-846A-040F93A6B1CB}"
EndProject
Global
	GlobalSection(SolutionConfigurationPlatforms) = preSolution
		Debug|Any CPU = Debug|Any CPU
		Release|Any CPU = Release|Any CPU
	EndGlobalSection
	GlobalSection(ProjectConfigurationPlatforms) = postSolution
		{DAC9ACCA-C334-40CE-846A-040F93A6B1CB}.Debug|Any CPU.ActiveCfg = Debug|Any CPU
		{DAC9ACCA-C334-40CE-846A-040F93A6B1CB}.Debug|Any CPU.Build.0 = Debug|Any CPU
		{DAC9ACCA-C334-40CE-846A-040F93A6B1CB}.Release|Any CPU.ActiveCfg = Release|Any CPU
		{DAC9ACCA-C334-40CE-846A-040F93A6B1CB}.Release|Any CPU.Build.0 = Release|Any CPU
	EndGlobalSection
	GlobalSection(SolutionProperties) = preSolution
		HideSolutionNode = FALSE
	EndGlobalSection
	GlobalSection(ExtensibilityGlobals) = postSolution
		SolutionGuid = {496417A5-8D91-4C25-BF80-1D5C97B943A5}
	EndGlobalSection
EndGlobal
